{
  "version": "2",
  "remote": {
    "https://cdn.skypack.dev/-/graphql@v16.6.0-LSwlwUw61uFtjUF6PMr3/dist=es2019,mode=imports/optimized/common/GraphQLError-897dd7cd.js": "c72db2e66f79854889aabdfb109e20999c57fcd5c877bd3bee815528d22ca45b",
    "https://cdn.skypack.dev/-/graphql@v16.6.0-LSwlwUw61uFtjUF6PMr3/dist=es2019,mode=imports/optimized/common/NoSchemaIntrospectionCustomRule-6916fb0e.js": "0c1d2b7e7e3789dbd9df5c9a19f16c97c172fc9104d9ba7ecf44b61f7f67368f",
    "https://cdn.skypack.dev/-/graphql@v16.6.0-LSwlwUw61uFtjUF6PMr3/dist=es2019,mode=imports/optimized/common/coerceInputValue-29ff5dea.js": "4fc9e8bc2a616e814acd9565b891a9f53eb985da29ab320320a64d109eb3eb49",
    "https://cdn.skypack.dev/-/graphql@v16.6.0-LSwlwUw61uFtjUF6PMr3/dist=es2019,mode=imports/optimized/common/definition-a76ac960.js": "95c71d9db394267cffe133ae48675e2d8c7312d8f0b4c51856025955f2965e84",
    "https://cdn.skypack.dev/-/graphql@v16.6.0-LSwlwUw61uFtjUF6PMr3/dist=es2019,mode=imports/optimized/common/devAssert-653f5e57.js": "9ef1b9593413a9703868450fb83442fea3742eb90318ddea8d6b049c80ab31bb",
    "https://cdn.skypack.dev/-/graphql@v16.6.0-LSwlwUw61uFtjUF6PMr3/dist=es2019,mode=imports/optimized/common/execute-12394575.js": "2b90a978ac6512fdd597a410102b55d97717e7e02b685b97d788a41697e6870c",
    "https://cdn.skypack.dev/-/graphql@v16.6.0-LSwlwUw61uFtjUF6PMr3/dist=es2019,mode=imports/optimized/common/inspect-021a0323.js": "22d7ece0df69cb200c5afe8c17d6522a26bf2294ac610ecceae03247b4af6fc6",
    "https://cdn.skypack.dev/-/graphql@v16.6.0-LSwlwUw61uFtjUF6PMr3/dist=es2019,mode=imports/optimized/common/instanceOf-28c57ffa.js": "797bef497df0d0e9a3060c46b4e2773d6ee743e280b09cc01e927f1d9e956b7c",
    "https://cdn.skypack.dev/-/graphql@v16.6.0-LSwlwUw61uFtjUF6PMr3/dist=es2019,mode=imports/optimized/common/isIterableObject-2692848b.js": "484b6884652b0c47d62ecc607e3fbbf38489cd79ab62ff2cf47f820741e458f1",
    "https://cdn.skypack.dev/-/graphql@v16.6.0-LSwlwUw61uFtjUF6PMr3/dist=es2019,mode=imports/optimized/common/location-7573cf8c.js": "784cca59f1676006c247e7249bba6ed8c09417cf580520c2ac884dfc494a09d0",
    "https://cdn.skypack.dev/-/graphql@v16.6.0-LSwlwUw61uFtjUF6PMr3/dist=es2019,mode=imports/optimized/common/naturalCompare-88fcef39.js": "8ca0a1c2d3c0bbe25b0e1b61bf2c78951de8be941959872fc8a4e351cb89204d",
    "https://cdn.skypack.dev/-/graphql@v16.6.0-LSwlwUw61uFtjUF6PMr3/dist=es2019,mode=imports/optimized/common/specifiedRules-5c40aab8.js": "4d4380b42a382e3a95520d579c097c38cf75e7dac403e257e8182739f58fd158",
    "https://cdn.skypack.dev/-/graphql@v16.6.0-LSwlwUw61uFtjUF6PMr3/dist=es2019,mode=imports/optimized/common/valueFromASTUntyped-8d4dc13a.js": "caba7023b3e2dd9c3700df75217d6752b165e87fc3f31840a873ba46eb53a03e",
    "https://cdn.skypack.dev/-/graphql@v16.6.0-LSwlwUw61uFtjUF6PMr3/dist=es2019,mode=imports/optimized/graphql.js": "334c9e4ca8e51a5ac01c1e6b79e1e42fbf0aba026bde04041f6a33f463afad57",
    "https://cdn.skypack.dev/-/graphql@v16.6.0-LSwlwUw61uFtjUF6PMr3/dist=es2019,mode=imports/optimized/graphql/error/locatedError.js": "e82e870be3111bf226f3c0315ef119d49c126c37057c4773a3bbd8301ae64754",
    "https://cdn.skypack.dev/-/graphql@v16.6.0-LSwlwUw61uFtjUF6PMr3/dist=es2019,mode=imports/optimized/graphql/error/syntaxError.js": "9276bf23e3d7a5a95d9c8e6ed69e1011a1e094533663264b8c5ea8133f1dae40",
    "https://cdn.skypack.dev/-/graphql@v16.6.0-LSwlwUw61uFtjUF6PMr3/dist=es2019,mode=imports/optimized/graphql/execution/collectFields.js": "72f82e1e39b68cbdd08febd26309f62510e8543aba5e1fdbb380f147250a8fb7",
    "https://cdn.skypack.dev/-/graphql@v16.6.0-LSwlwUw61uFtjUF6PMr3/dist=es2019,mode=imports/optimized/graphql/execution/mapAsyncIterator.js": "f03e8833c64806bafa34bfdae0a4f24d06affa991f0c2a1ad2f048e7b219d5d5",
    "https://cdn.skypack.dev/-/graphql@v16.6.0-LSwlwUw61uFtjUF6PMr3/dist=es2019,mode=imports/optimized/graphql/execution/subscribe.js": "589c8c055d08e3773917f97d4e2731e1e292bfe1762d9f895ccf682e3da87a42",
    "https://cdn.skypack.dev/-/graphql@v16.6.0-LSwlwUw61uFtjUF6PMr3/dist=es2019,mode=imports/optimized/graphql/execution/values.js": "ad9f80a7d558869a0c4b3b95641162a834b518f83440f23eb4e92a08aeefdea3",
    "https://cdn.skypack.dev/-/graphql@v16.6.0-LSwlwUw61uFtjUF6PMr3/dist=es2019,mode=imports/optimized/graphql/language/ast.js": "dafea9403e82f1de81108c9320754ce8e254b8c06c4afaf8d540ff02684ea2a4",
    "https://cdn.skypack.dev/-/graphql@v16.6.0-LSwlwUw61uFtjUF6PMr3/dist=es2019,mode=imports/optimized/graphql/language/blockString.js": "8afa546db6c8834efe3e34cebf8f57bdebc2b2bd26dc843f969160e46346abf3",
    "https://cdn.skypack.dev/-/graphql@v16.6.0-LSwlwUw61uFtjUF6PMr3/dist=es2019,mode=imports/optimized/graphql/language/characterClasses.js": "b67371a1009c91fb6a8bc6639d6be9369bccfd16b867e3cf29574ee2df76271b",
    "https://cdn.skypack.dev/-/graphql@v16.6.0-LSwlwUw61uFtjUF6PMr3/dist=es2019,mode=imports/optimized/graphql/language/directiveLocation.js": "fbc841c81102ff202692b05babca69988c16202c7bfc6284142aaf2551c6ebfd",
    "https://cdn.skypack.dev/-/graphql@v16.6.0-LSwlwUw61uFtjUF6PMr3/dist=es2019,mode=imports/optimized/graphql/language/kinds.js": "e4e5cad9c7f109504d711ce44441a3e5ca8ef9dc52821b1f3079d5425bfd0ece",
    "https://cdn.skypack.dev/-/graphql@v16.6.0-LSwlwUw61uFtjUF6PMr3/dist=es2019,mode=imports/optimized/graphql/language/lexer.js": "0d2362f69644e2c5ec6396f72cc0bc9f0fc5e8213061af4976f7178d8a903dbf",
    "https://cdn.skypack.dev/-/graphql@v16.6.0-LSwlwUw61uFtjUF6PMr3/dist=es2019,mode=imports/optimized/graphql/language/parser.js": "b3017815be33f5243346cb5d12c4251e679767dda31052d768cc7d9cde58721d",
    "https://cdn.skypack.dev/-/graphql@v16.6.0-LSwlwUw61uFtjUF6PMr3/dist=es2019,mode=imports/optimized/graphql/language/predicates.js": "5b958c351760dfb632baffb3bcf9fe9672f303f4f80651f0e48f03b656763f27",
    "https://cdn.skypack.dev/-/graphql@v16.6.0-LSwlwUw61uFtjUF6PMr3/dist=es2019,mode=imports/optimized/graphql/language/printLocation.js": "5484ade10421c443583655d18c24f207f548eb0213813b62eb477db70d76fc8b",
    "https://cdn.skypack.dev/-/graphql@v16.6.0-LSwlwUw61uFtjUF6PMr3/dist=es2019,mode=imports/optimized/graphql/language/printString.js": "37fa9de40529a38925efafe4938c3f197cebc8bb4f5fb3fadf7d610145767a8b",
    "https://cdn.skypack.dev/-/graphql@v16.6.0-LSwlwUw61uFtjUF6PMr3/dist=es2019,mode=imports/optimized/graphql/language/printer.js": "2d845753c31fbe902c3226b05b708b30fb71304c935996154312d452efb6b3f7",
    "https://cdn.skypack.dev/-/graphql@v16.6.0-LSwlwUw61uFtjUF6PMr3/dist=es2019,mode=imports/optimized/graphql/language/source.js": "8bc5b3e64a32f48eb9859d010c0b59cfa08752a14d66cba9a71f297906b63897",
    "https://cdn.skypack.dev/-/graphql@v16.6.0-LSwlwUw61uFtjUF6PMr3/dist=es2019,mode=imports/optimized/graphql/language/tokenKind.js": "aefaec1bf6579a87adfac36f9c4eb73aed2dcbc115b2d6f3850d0fec0abce9c4",
    "https://cdn.skypack.dev/-/graphql@v16.6.0-LSwlwUw61uFtjUF6PMr3/dist=es2019,mode=imports/optimized/graphql/language/visitor.js": "6212352b8909ac1f406a8dd654ed09c0264119f406807dacb7f913f41aa05dfa",
    "https://cdn.skypack.dev/-/graphql@v16.6.0-LSwlwUw61uFtjUF6PMr3/dist=es2019,mode=imports/optimized/graphql/type/assertName.js": "653eeae89710cb2be67d5d54491b2decda7d13921aa82e72bb5a4a6d29a0f6de",
    "https://cdn.skypack.dev/-/graphql@v16.6.0-LSwlwUw61uFtjUF6PMr3/dist=es2019,mode=imports/optimized/graphql/type/directives.js": "c11fe860efbdc5c7fc06a7d79d12e214f494e2f7344921f4b52fec52425a9fde",
    "https://cdn.skypack.dev/-/graphql@v16.6.0-LSwlwUw61uFtjUF6PMr3/dist=es2019,mode=imports/optimized/graphql/type/introspection.js": "46b67fec56a8320696df6ceee2df070e14c4f4ce821da89a10a6276bef0b2b42",
    "https://cdn.skypack.dev/-/graphql@v16.6.0-LSwlwUw61uFtjUF6PMr3/dist=es2019,mode=imports/optimized/graphql/type/scalars.js": "1c105aaf10b44bc60ddb579e702330c7daac4df1d98c8d7e890c9217534487ae",
    "https://cdn.skypack.dev/-/graphql@v16.6.0-LSwlwUw61uFtjUF6PMr3/dist=es2019,mode=imports/optimized/graphql/type/schema.js": "04ce7dd94734c37439db3b836a497d389c57a1eb4e39dc3633aa94a20619af64",
    "https://cdn.skypack.dev/-/graphql@v16.6.0-LSwlwUw61uFtjUF6PMr3/dist=es2019,mode=imports/optimized/graphql/type/validate.js": "444001aa1f82a24aeee92c40cddb344e1fe64b0430f979e7c869127ee32ee6e4",
    "https://cdn.skypack.dev/-/graphql@v16.6.0-LSwlwUw61uFtjUF6PMr3/dist=es2019,mode=imports/optimized/graphql/utilities/TypeInfo.js": "cce96f1eefefc28f5d757c9b7d5f1fc55eecad00941d42997b0c8bc72df61917",
    "https://cdn.skypack.dev/-/graphql@v16.6.0-LSwlwUw61uFtjUF6PMr3/dist=es2019,mode=imports/optimized/graphql/utilities/assertValidName.js": "0713c32aeb61352a309a518535d0f51f6e409ea0a03510f5c2fbfffcc19adb60",
    "https://cdn.skypack.dev/-/graphql@v16.6.0-LSwlwUw61uFtjUF6PMr3/dist=es2019,mode=imports/optimized/graphql/utilities/astFromValue.js": "d3033bd12c332f520c771c9c707eba531bf984b5305418d0ad21e18fa22890af",
    "https://cdn.skypack.dev/-/graphql@v16.6.0-LSwlwUw61uFtjUF6PMr3/dist=es2019,mode=imports/optimized/graphql/utilities/buildASTSchema.js": "19a592aa63a807b2df603d09846d30eb8fb443fef0fb3ed2e25bd5bc7c86f430",
    "https://cdn.skypack.dev/-/graphql@v16.6.0-LSwlwUw61uFtjUF6PMr3/dist=es2019,mode=imports/optimized/graphql/utilities/buildClientSchema.js": "a16719f258c8729031ff10dc3b64023d3bcb5fdc920df7bf956df6077bef7869",
    "https://cdn.skypack.dev/-/graphql@v16.6.0-LSwlwUw61uFtjUF6PMr3/dist=es2019,mode=imports/optimized/graphql/utilities/concatAST.js": "9cbfc576e55f226b2a444b3ad6a2ca25b7be64a5386893fb8e4e45cb855d8308",
    "https://cdn.skypack.dev/-/graphql@v16.6.0-LSwlwUw61uFtjUF6PMr3/dist=es2019,mode=imports/optimized/graphql/utilities/extendSchema.js": "685010cb176d85428d4ca66d4fa903cc832c3249972a00d73fa6827aa3b41d1d",
    "https://cdn.skypack.dev/-/graphql@v16.6.0-LSwlwUw61uFtjUF6PMr3/dist=es2019,mode=imports/optimized/graphql/utilities/findBreakingChanges.js": "d65d85a1ff52f4aa48f9ec5d09bd75e8268f1c561fe5994a51d0d35b8829e19c",
    "https://cdn.skypack.dev/-/graphql@v16.6.0-LSwlwUw61uFtjUF6PMr3/dist=es2019,mode=imports/optimized/graphql/utilities/getIntrospectionQuery.js": "400f9c7fbb797eb5877c9638cc95d4ce18b6532b2c85e618eaf446d6f2f40aa3",
    "https://cdn.skypack.dev/-/graphql@v16.6.0-LSwlwUw61uFtjUF6PMr3/dist=es2019,mode=imports/optimized/graphql/utilities/getOperationAST.js": "065d51d832b60ce9f90d119be0324969cb431b62200685c70e7539484d7587dc",
    "https://cdn.skypack.dev/-/graphql@v16.6.0-LSwlwUw61uFtjUF6PMr3/dist=es2019,mode=imports/optimized/graphql/utilities/getOperationRootType.js": "fa74b61b621e9e3c4f4605e03599aaf03531ace0605de23c2762341e707a5b48",
    "https://cdn.skypack.dev/-/graphql@v16.6.0-LSwlwUw61uFtjUF6PMr3/dist=es2019,mode=imports/optimized/graphql/utilities/introspectionFromSchema.js": "0c8cf9a8f77d6a63e4e8596192362a81db7c279e7bbbf82815c698d9dd9d4d1b",
    "https://cdn.skypack.dev/-/graphql@v16.6.0-LSwlwUw61uFtjUF6PMr3/dist=es2019,mode=imports/optimized/graphql/utilities/lexicographicSortSchema.js": "3954fb0b739b197031b9f3abbae0e2fad89de354bd985f276e7878f90f5ee3ff",
    "https://cdn.skypack.dev/-/graphql@v16.6.0-LSwlwUw61uFtjUF6PMr3/dist=es2019,mode=imports/optimized/graphql/utilities/printSchema.js": "71dc745fb85fafe43dd77cee7e57f99317b0e89696ef9cc9f1f199cd4e3766b2",
    "https://cdn.skypack.dev/-/graphql@v16.6.0-LSwlwUw61uFtjUF6PMr3/dist=es2019,mode=imports/optimized/graphql/utilities/separateOperations.js": "7b05a14e7187f76daa7bea5c7a4ce4027bbdf7b365e419075065a4c3cfdd7f5c",
    "https://cdn.skypack.dev/-/graphql@v16.6.0-LSwlwUw61uFtjUF6PMr3/dist=es2019,mode=imports/optimized/graphql/utilities/sortValueNode.js": "ab1f500dd1fe165c697b5005281e72b8e6405de8c96af7c7cb0842065c221274",
    "https://cdn.skypack.dev/-/graphql@v16.6.0-LSwlwUw61uFtjUF6PMr3/dist=es2019,mode=imports/optimized/graphql/utilities/stripIgnoredCharacters.js": "0177635526c3720f1dc260a6fbc93baaba0db3c7ae907a20cdcf0c8cec8107df",
    "https://cdn.skypack.dev/-/graphql@v16.6.0-LSwlwUw61uFtjUF6PMr3/dist=es2019,mode=imports/optimized/graphql/utilities/typeComparators.js": "b0c32706efbfc25417b3a49f88299e918b88233e5a03d3ee58f18b99b447ff1a",
    "https://cdn.skypack.dev/-/graphql@v16.6.0-LSwlwUw61uFtjUF6PMr3/dist=es2019,mode=imports/optimized/graphql/utilities/typeFromAST.js": "db72f5ce842a6d592c229ecd1b7db3a7ffd80b881d39a5a7321beb99b7ae14d9",
    "https://cdn.skypack.dev/-/graphql@v16.6.0-LSwlwUw61uFtjUF6PMr3/dist=es2019,mode=imports/optimized/graphql/utilities/valueFromAST.js": "5887d8605521b4cf42da2b7a28fcf44169ae17112baac631b9b92890dc640322",
    "https://cdn.skypack.dev/-/graphql@v16.6.0-LSwlwUw61uFtjUF6PMr3/dist=es2019,mode=imports/optimized/graphql/validation/ValidationContext.js": "df1174ea45a6916151e6fc18c1a36db664ae5787371d8ac3cbf29cff395ba59c",
    "https://cdn.skypack.dev/-/graphql@v16.6.0-LSwlwUw61uFtjUF6PMr3/dist=es2019,mode=imports/optimized/graphql/validation/validate.js": "bc92da257086730791e571470034f3097023131592f53754c618079aa17a47e6",
    "https://cdn.skypack.dev/graphql@16.6.0": "6040960f9706c9e43082d6d083b91a5536723cf921b9560484270735435bf0b7",
    "https://deno.land/std@0.154.0/_deno_unstable.ts": "4ddb8672d49d58b5bbc4a5a7a2f1b3bce4fd06aa4c8b8476728334391667de7b",
    "https://deno.land/std@0.154.0/async/abortable.ts": "87aa7230be8360c24ad437212311c9e8d4328854baec27b4c7abb26e85515c06",
    "https://deno.land/std@0.154.0/async/deadline.ts": "48ac998d7564969f3e6ec6b6f9bf0217ebd00239b1b2292feba61272d5dd58d0",
    "https://deno.land/std@0.154.0/async/debounce.ts": "de5433bff08a2bb61416fc53b3bd2d5867090c8a815465e5b4a10a77495b1051",
    "https://deno.land/std@0.154.0/async/deferred.ts": "c01de44b9192359cebd3fe93273fcebf9e95110bf3360023917da9a2d1489fae",
    "https://deno.land/std@0.154.0/async/delay.ts": "d5a169caede8e1c5d46b3f25eab97db5fd1ab193fc82a53bafd3642ac42ca3c7",
    "https://deno.land/std@0.154.0/async/mod.ts": "dd0a8ed4f3984ffabe2fcca7c9f466b7932d57b1864ffee148a5d5388316db6b",
    "https://deno.land/std@0.154.0/async/mux_async_iterator.ts": "3447b28a2a582224a3d4d3596bccbba6e85040da3b97ed64012f7decce98d093",
    "https://deno.land/std@0.154.0/async/pool.ts": "ef9eb97b388543acbf0ac32647121e4dbe629236899586c4d4311a8770fbb239",
    "https://deno.land/std@0.154.0/async/tee.ts": "d27680d911816fcb3d231e16d690e7588079e66a9b2e5ce8cc354db94fdce95f",
    "https://deno.land/std@0.154.0/http/server.ts": "e2e16f0b124ffef022ad04797d4250d6e4fc0d9579780999091949b17789dd1a",
    "https://raw.githubusercontent.com/vwkd/kita-conj-parser/output/vd.json": "520793200ed2ce18505c7e4c45452c5c747cad5d9c2ae9d3b6c1b654d9d21e9c",
    "https://raw.githubusercontent.com/vwkd/kita-utils/c721ac460a7defbfceaff4ae062c1d4d4b1f193e/src/constants.ts": "33242c3313d81f9a7b357932e3e69d4b33df716df1105f9f7182f48830f73b87",
    "https://raw.githubusercontent.com/vwkd/kita-utils/c721ac460a7defbfceaff4ae062c1d4d4b1f193e/src/logger.ts": "64d047ccc3a35f41bdcfc11aaf0168920e6073394359334e6e45b0dd8a0692cf"
  }
}
